
Microsoft Visual Studio Solution File, Format Version 12.00
# Visual Studio Version 16
VisualStudioVersion = 16.0.30104.148
MinimumVisualStudioVersion = 10.0.40219.1
Project("{FAE04EC0-301F-11D3-BF4B-00C04F79EFBC}") = "WebApplication6", "WebApplication6\WebApplication6.csproj", "{B5187E5E-8F3F-4A44-A30D-C2E9FDF584CE}"
EndProject
Global
	GlobalSection(SolutionConfigurationPlatforms) = preSolution
		Debug|Any CPU = Debug|Any CPU
		Release|Any CPU = Release|Any CPU
	EndGlobalSection
	GlobalSection(ProjectConfigurationPlatforms) = postSolution
		{B5187E5E-8F3F-4A44-A30D-C2E9FDF584CE}.Debug|Any CPU.ActiveCfg = Debug|Any CPU
		{B5187E5E-8F3F-4A44-A30D-C2E9FDF584CE}.Debug|Any CPU.Build.0 = Debug|Any CPU
		{B5187E5E-8F3F-4A44-A30D-C2E9FDF584CE}.Release|Any CPU.ActiveCfg = Release|Any CPU
		{B5187E5E-8F3F-4A44-A30D-C2E9FDF584CE}.Release|Any CPU.Build.0 = Release|Any CPU
	EndGlobalSection
	GlobalSection(SolutionProperties) = preSolution
		HideSolutionNode = FALSE
	EndGlobalSection
	GlobalSection(ExtensibilityGlobals) = postSolution
		SolutionGuid = {9326F0E0-9F9D-4960-8DEE-7EEB9338FEBE}
	EndGlobalSection
EndGlobal
